
Microsoft Visual Studio Solution File, Format Version 12.00
# Visual Studio 15
VisualStudioVersion = 15.0.27130.2024
MinimumVisualStudioVersion = 10.0.40219.1
Project("{FAE04EC0-301F-11D3-BF4B-00C04F79EFBC}") = "fns", "fns\fns.csproj", "{C5B2CD34-945A-452B-95EB-898FA9AD0CBE}"
EndProject
Global
	GlobalSection(SolutionConfigurationPlatforms) = preSolution
		Debug|Any CPU = Debug|Any CPU
		Release|Any CPU = Release|Any CPU
	EndGlobalSection
	GlobalSection(ProjectConfigurationPlatforms) = postSolution
		{C5B2CD34-945A-452B-95EB-898FA9AD0CBE}.Debug|Any CPU.ActiveCfg = Debug|Any CPU
		{C5B2CD34-945A-452B-95EB-898FA9AD0CBE}.Debug|Any CPU.Build.0 = Debug|Any CPU
		{C5B2CD34-945A-452B-95EB-898FA9AD0CBE}.Release|Any CPU.ActiveCfg = Release|Any CPU
		{C5B2CD34-945A-452B-95EB-898FA9AD0CBE}.Release|Any CPU.Build.0 = Release|Any CPU
	EndGlobalSection
	GlobalSection(SolutionProperties) = preSolution
		HideSolutionNode = FALSE
	EndGlobalSection
	GlobalSection(ExtensibilityGlobals) = postSolution
		SolutionGuid = {2D5B3103-9037-443B-9111-824D5D012161}
	EndGlobalSection
EndGlobal
